# This file is automatically @generated by Poetry and should not be changed by hand.

[[package]]
name = "pyserial"
version = "3.5"
description = "Python Serial Port Extension"
category = "main"
optional = false
python-versions = "*"
files = [
    {file = "pyserial-3.5-py2.py3-none-any.whl", hash = "sha256:c4451db6ba391ca6ca299fb3ec7bae67a5c55dde170964c7a14ceefec02f2cf0"},
    {file = "pyserial-3.5.tar.gz", hash = "sha256:3c77e014170dfffbd816e6ffc205e9842efb10be9f58ec16d3e8675b4925cddb"},
]

[package.extras]
cp2110 = ["hidapi"]

[[package]]
name = "pysimplegui"
version = "4.60.4"
description = "Python GUIs for Humans. Launched in 2018. It's 2022 & PySimpleGUI is an ACTIVE & supported project. Super-simple to create custom GUI's. 325+ Demo programs & Cookbook for rapid start. Extensive documentation. Main docs at www.PySimpleGUI.org. Fun & your success are the focus. Examples using Machine Learning (GUI, OpenCV Integration), Rainmeter Style Desktop Widgets, Matplotlib + Pyplot, PIL support, add GUI to command line scripts, PDF & Image Viewers. Great for beginners & advanced GUI programmers."
category = "main"
optional = false
python-versions = "*"
files = [
    {file = "PySimpleGUI-4.60.4-py3-none-any.whl", hash = "sha256:e133fbd21779f0f125cebbc2a4e1f5a931a383738661013ff33ad525d5611eda"},
    {file = "PySimpleGUI-4.60.4.tar.gz", hash = "sha256:f88c82c301a51aea35be605dc060bcceb0dcb6682e16280544884701ab4b23ba"},
]

[[package]]
name = "tomli"
version = "2.0.1"
description = "A lil' TOML parser"
category = "main"
optional = false
python-versions = ">=3.7"
files = [
    {file = "tomli-2.0.1-py3-none-any.whl", hash = "sha256:939de3e7a6161af0c887ef91b7d41a53e7c5a1ca976325f429cb46ea9bc30ecc"},
    {file = "tomli-2.0.1.tar.gz", hash = "sha256:de526c12914f0c550d15924c62d72abc48d6fe7364aa87328337a31007fe8a4f"},
]

[[package]]
name = "tomli-w"
version = "1.0.0"
description = "A lil' TOML writer"
category = "main"
optional = false
python-versions = ">=3.7"
files = [
    {file = "tomli_w-1.0.0-py3-none-any.whl", hash = "sha256:9f2a07e8be30a0729e533ec968016807069991ae2fd921a78d42f429ae5f4463"},
    {file = "tomli_w-1.0.0.tar.gz", hash = "sha256:f463434305e0336248cac9c2dc8076b707d8a12d019dd349f5c1e382dd1ae1b9"},
]

[metadata]
lock-version = "2.0"
python-versions = "^3.10"
content-hash = "2dcdbe6badf3a4999591b7ddb0181f6685ac58bcd25a4b26771cff59bd21c70a"
